// !$*UTF8*$!
{
	archiveVersion = 1;
	classes = {
	};
	objectVersion = 46;
	objects = {

/* Begin PBXBuildFile section */
		590C998546CAFB961EFE5B32 /* Pods_ExpenseTrackerTests.framework in Frameworks */ = {isa = PBXBuildFile; fileRef = D4579E6ACF2FC8662B73CDF1 /* Pods_ExpenseTrackerTests.framework */; };
		6A35FC401E35CE7C008ED01F /* Review.swift in Sources */ = {isa = PBXBuildFile; fileRef = 6A35FC3F1E35CE7C008ED01F /* Review.swift */; };
		6A6088EE1E4D8B480085F09F /* SearchAppsViewController.swift in Sources */ = {isa = PBXBuildFile; fileRef = 6A6088ED1E4D8B480085F09F /* SearchAppsViewController.swift */; };
		6A6088F01E5138230085F09F /* Countries.swift in Sources */ = {isa = PBXBuildFile; fileRef = 6A6088EF1E5138230085F09F /* Countries.swift */; };
		6A6088F21E5139D60085F09F /* SearchAppsTableViewCell.swift in Sources */ = {isa = PBXBuildFile; fileRef = 6A6088F11E5139D60085F09F /* SearchAppsTableViewCell.swift */; };
		6A6088F41E5141070085F09F /* AlternateTableViewController.swift in Sources */ = {isa = PBXBuildFile; fileRef = 6A6088F31E5141060085F09F /* AlternateTableViewController.swift */; };
		6A6088F61E5141480085F09F /* AlternateTableViewCell.swift in Sources */ = {isa = PBXBuildFile; fileRef = 6A6088F51E5141480085F09F /* AlternateTableViewCell.swift */; };
		6A6E37E11E3586FE0091105E /* App.swift in Sources */ = {isa = PBXBuildFile; fileRef = 6A6E37E01E3586FE0091105E /* App.swift */; };
		6A8353B61E416C31004EEE2E /* RatingControl.swift in Sources */ = {isa = PBXBuildFile; fileRef = 6A8353B51E416C31004EEE2E /* RatingControl.swift */; };
		6A8353C01E416D20004EEE2E /* AppTableViewCell.swift in Sources */ = {isa = PBXBuildFile; fileRef = 6A8353B81E416D20004EEE2E /* AppTableViewCell.swift */; };
		6A8353C11E416D20004EEE2E /* AppTableViewController.swift in Sources */ = {isa = PBXBuildFile; fileRef = 6A8353B91E416D20004EEE2E /* AppTableViewController.swift */; };
		6A8353C21E416D20004EEE2E /* ReviewTableViewCell.swift in Sources */ = {isa = PBXBuildFile; fileRef = 6A8353BB1E416D20004EEE2E /* ReviewTableViewCell.swift */; };
		6A8353C31E416D20004EEE2E /* ReviewTableViewController.swift in Sources */ = {isa = PBXBuildFile; fileRef = 6A8353BC1E416D20004EEE2E /* ReviewTableViewController.swift */; };
		6A8353C41E416D20004EEE2E /* ReviewOptionsTableViewCell.swift in Sources */ = {isa = PBXBuildFile; fileRef = 6A8353BE1E416D20004EEE2E /* ReviewOptionsTableViewCell.swift */; };
		6A8353C51E416D20004EEE2E /* ReviewOptionsTableViewController.swift in Sources */ = {isa = PBXBuildFile; fileRef = 6A8353BF1E416D20004EEE2E /* ReviewOptionsTableViewController.swift */; };
		6A94886E1E2850BF00385FF3 /* AppDelegate.swift in Sources */ = {isa = PBXBuildFile; fileRef = 6A94886D1E2850BF00385FF3 /* AppDelegate.swift */; };
		6A9488731E2850BF00385FF3 /* Main.storyboard in Resources */ = {isa = PBXBuildFile; fileRef = 6A9488711E2850BF00385FF3 /* Main.storyboard */; };
		6A9488751E2850BF00385FF3 /* Assets.xcassets in Resources */ = {isa = PBXBuildFile; fileRef = 6A9488741E2850BF00385FF3 /* Assets.xcassets */; };
		6A9488781E2850BF00385FF3 /* LaunchScreen.storyboard in Resources */ = {isa = PBXBuildFile; fileRef = 6A9488761E2850BF00385FF3 /* LaunchScreen.storyboard */; };
		6A9488831E2850C000385FF3 /* ExpenseTrackerTests.swift in Sources */ = {isa = PBXBuildFile; fileRef = 6A9488821E2850C000385FF3 /* ExpenseTrackerTests.swift */; };
		6ACF3A381E495AC200BB0C82 /* AppManager.swift in Sources */ = {isa = PBXBuildFile; fileRef = 6ACF3A371E495AC200BB0C82 /* AppManager.swift */; };
		6ACF3A3B1E4AB49900BB0C82 /* AddAppViewController.swift in Sources */ = {isa = PBXBuildFile; fileRef = 6ACF3A3A1E4AB49900BB0C82 /* AddAppViewController.swift */; };
		6ACF3A3D1E4AB4C800BB0C82 /* AddAppTableViewCell.swift in Sources */ = {isa = PBXBuildFile; fileRef = 6ACF3A3C1E4AB4C800BB0C82 /* AddAppTableViewCell.swift */; };
		6ADDDD321E3AF24200B5A79F /* ReviewOption.swift in Sources */ = {isa = PBXBuildFile; fileRef = 6ADDDD311E3AF24200B5A79F /* ReviewOption.swift */; };
		6AE101961E4409CD006A30CB /* deconstructItunesReviews.json in Resources */ = {isa = PBXBuildFile; fileRef = 6AE101911E4409CD006A30CB /* deconstructItunesReviews.json */; };
		6AE101971E4409CD006A30CB /* itunesColes.json in Resources */ = {isa = PBXBuildFile; fileRef = 6AE101921E4409CD006A30CB /* itunesColes.json */; };
		6AE101981E4409CD006A30CB /* itunesReviews.json in Resources */ = {isa = PBXBuildFile; fileRef = 6AE101931E4409CD006A30CB /* itunesReviews.json */; };
		6AE101991E4409CD006A30CB /* sampleApps.json in Resources */ = {isa = PBXBuildFile; fileRef = 6AE101941E4409CD006A30CB /* sampleApps.json */; };
		6AE1019A1E4409CD006A30CB /* sampleReviews.json in Resources */ = {isa = PBXBuildFile; fileRef = 6AE101951E4409CD006A30CB /* sampleReviews.json */; };
		6AE1019C1E440A0E006A30CB /* sampleReviewOptions.json in Resources */ = {isa = PBXBuildFile; fileRef = 6AE1019B1E440A0E006A30CB /* sampleReviewOptions.json */; };
		6AE1019F1E444DF4006A30CB /* NetworkManager.swift in Sources */ = {isa = PBXBuildFile; fileRef = 6AE1019E1E444DF4006A30CB /* NetworkManager.swift */; };
		E32F4188BB7E8A9096F39228 /* Pods_ExpenseTracker.framework in Frameworks */ = {isa = PBXBuildFile; fileRef = 46199523EAF5E77CF095CB4E /* Pods_ExpenseTracker.framework */; };
/* End PBXBuildFile section */

/* Begin PBXContainerItemProxy section */
		6A94887F1E2850C000385FF3 /* PBXContainerItemProxy */ = {
			isa = PBXContainerItemProxy;
			containerPortal = 6A9488621E2850BF00385FF3 /* Project object */;
			proxyType = 1;
			remoteGlobalIDString = 6A9488691E2850BF00385FF3;
			remoteInfo = ExpenseTracker;
		};
/* End PBXContainerItemProxy section */

/* Begin PBXFileReference section */
		42E656C9F9E3CD13CE88E946 /* Pods-ExpenseTracker.debug.xcconfig */ = {isa = PBXFileReference; includeInIndex = 1; lastKnownFileType = text.xcconfig; name = "Pods-ExpenseTracker.debug.xcconfig"; path = "Pods/Target Support Files/Pods-ExpenseTracker/Pods-ExpenseTracker.debug.xcconfig"; sourceTree = "<group>"; };
		46199523EAF5E77CF095CB4E /* Pods_ExpenseTracker.framework */ = {isa = PBXFileReference; explicitFileType = wrapper.framework; includeInIndex = 0; path = Pods_ExpenseTracker.framework; sourceTree = BUILT_PRODUCTS_DIR; };
		6A35FC3F1E35CE7C008ED01F /* Review.swift */ = {isa = PBXFileReference; fileEncoding = 4; lastKnownFileType = sourcecode.swift; path = Review.swift; sourceTree = "<group>"; };
		6A6088ED1E4D8B480085F09F /* SearchAppsViewController.swift */ = {isa = PBXFileReference; fileEncoding = 4; lastKnownFileType = sourcecode.swift; path = SearchAppsViewController.swift; sourceTree = "<group>"; };
		6A6088EF1E5138230085F09F /* Countries.swift */ = {isa = PBXFileReference; fileEncoding = 4; lastKnownFileType = sourcecode.swift; path = Countries.swift; sourceTree = "<group>"; };
		6A6088F11E5139D60085F09F /* SearchAppsTableViewCell.swift */ = {isa = PBXFileReference; fileEncoding = 4; lastKnownFileType = sourcecode.swift; path = SearchAppsTableViewCell.swift; sourceTree = "<group>"; };
		6A6088F31E5141060085F09F /* AlternateTableViewController.swift */ = {isa = PBXFileReference; fileEncoding = 4; lastKnownFileType = sourcecode.swift; path = AlternateTableViewController.swift; sourceTree = "<group>"; };
		6A6088F51E5141480085F09F /* AlternateTableViewCell.swift */ = {isa = PBXFileReference; fileEncoding = 4; lastKnownFileType = sourcecode.swift; path = AlternateTableViewCell.swift; sourceTree = "<group>"; };
		6A6E37E01E3586FE0091105E /* App.swift */ = {isa = PBXFileReference; fileEncoding = 4; lastKnownFileType = sourcecode.swift; path = App.swift; sourceTree = "<group>"; };
		6A8353B51E416C31004EEE2E /* RatingControl.swift */ = {isa = PBXFileReference; fileEncoding = 4; lastKnownFileType = sourcecode.swift; path = RatingControl.swift; sourceTree = "<group>"; };
		6A8353B81E416D20004EEE2E /* AppTableViewCell.swift */ = {isa = PBXFileReference; fileEncoding = 4; lastKnownFileType = sourcecode.swift; path = AppTableViewCell.swift; sourceTree = "<group>"; };
		6A8353B91E416D20004EEE2E /* AppTableViewController.swift */ = {isa = PBXFileReference; fileEncoding = 4; lastKnownFileType = sourcecode.swift; path = AppTableViewController.swift; sourceTree = "<group>"; };
		6A8353BB1E416D20004EEE2E /* ReviewTableViewCell.swift */ = {isa = PBXFileReference; fileEncoding = 4; lastKnownFileType = sourcecode.swift; path = ReviewTableViewCell.swift; sourceTree = "<group>"; };
		6A8353BC1E416D20004EEE2E /* ReviewTableViewController.swift */ = {isa = PBXFileReference; fileEncoding = 4; lastKnownFileType = sourcecode.swift; path = ReviewTableViewController.swift; sourceTree = "<group>"; };
		6A8353BE1E416D20004EEE2E /* ReviewOptionsTableViewCell.swift */ = {isa = PBXFileReference; fileEncoding = 4; lastKnownFileType = sourcecode.swift; path = ReviewOptionsTableViewCell.swift; sourceTree = "<group>"; };
		6A8353BF1E416D20004EEE2E /* ReviewOptionsTableViewController.swift */ = {isa = PBXFileReference; fileEncoding = 4; lastKnownFileType = sourcecode.swift; path = ReviewOptionsTableViewController.swift; sourceTree = "<group>"; };
		6A94886A1E2850BF00385FF3 /* ExpenseTracker.app */ = {isa = PBXFileReference; explicitFileType = wrapper.application; includeInIndex = 0; path = ExpenseTracker.app; sourceTree = BUILT_PRODUCTS_DIR; };
		6A94886D1E2850BF00385FF3 /* AppDelegate.swift */ = {isa = PBXFileReference; lastKnownFileType = sourcecode.swift; path = AppDelegate.swift; sourceTree = "<group>"; };
		6A9488721E2850BF00385FF3 /* Base */ = {isa = PBXFileReference; lastKnownFileType = file.storyboard; name = Base; path = Base.lproj/Main.storyboard; sourceTree = "<group>"; };
		6A9488741E2850BF00385FF3 /* Assets.xcassets */ = {isa = PBXFileReference; lastKnownFileType = folder.assetcatalog; path = Assets.xcassets; sourceTree = "<group>"; };
		6A9488771E2850BF00385FF3 /* Base */ = {isa = PBXFileReference; lastKnownFileType = file.storyboard; name = Base; path = Base.lproj/LaunchScreen.storyboard; sourceTree = "<group>"; };
		6A9488791E2850BF00385FF3 /* Info.plist */ = {isa = PBXFileReference; lastKnownFileType = text.plist.xml; path = Info.plist; sourceTree = "<group>"; };
		6A94887E1E2850C000385FF3 /* ExpenseTrackerTests.xctest */ = {isa = PBXFileReference; explicitFileType = wrapper.cfbundle; includeInIndex = 0; path = ExpenseTrackerTests.xctest; sourceTree = BUILT_PRODUCTS_DIR; };
		6A9488821E2850C000385FF3 /* ExpenseTrackerTests.swift */ = {isa = PBXFileReference; lastKnownFileType = sourcecode.swift; path = ExpenseTrackerTests.swift; sourceTree = "<group>"; };
		6A9488841E2850C000385FF3 /* Info.plist */ = {isa = PBXFileReference; lastKnownFileType = text.plist.xml; path = Info.plist; sourceTree = "<group>"; };
		6ACF3A371E495AC200BB0C82 /* AppManager.swift */ = {isa = PBXFileReference; fileEncoding = 4; lastKnownFileType = sourcecode.swift; path = AppManager.swift; sourceTree = "<group>"; };
		6ACF3A3A1E4AB49900BB0C82 /* AddAppViewController.swift */ = {isa = PBXFileReference; fileEncoding = 4; lastKnownFileType = sourcecode.swift; path = AddAppViewController.swift; sourceTree = "<group>"; };
		6ACF3A3C1E4AB4C800BB0C82 /* AddAppTableViewCell.swift */ = {isa = PBXFileReference; fileEncoding = 4; lastKnownFileType = sourcecode.swift; path = AddAppTableViewCell.swift; sourceTree = "<group>"; };
		6ADDDD311E3AF24200B5A79F /* ReviewOption.swift */ = {isa = PBXFileReference; fileEncoding = 4; lastKnownFileType = sourcecode.swift; path = ReviewOption.swift; sourceTree = "<group>"; };
		6AE101911E4409CD006A30CB /* deconstructItunesReviews.json */ = {isa = PBXFileReference; fileEncoding = 4; lastKnownFileType = text.json; path = deconstructItunesReviews.json; sourceTree = "<group>"; };
		6AE101921E4409CD006A30CB /* itunesColes.json */ = {isa = PBXFileReference; fileEncoding = 4; lastKnownFileType = text.json; path = itunesColes.json; sourceTree = "<group>"; };
		6AE101931E4409CD006A30CB /* itunesReviews.json */ = {isa = PBXFileReference; fileEncoding = 4; lastKnownFileType = text.json; path = itunesReviews.json; sourceTree = "<group>"; };
		6AE101941E4409CD006A30CB /* sampleApps.json */ = {isa = PBXFileReference; fileEncoding = 4; lastKnownFileType = text.json; path = sampleApps.json; sourceTree = "<group>"; };
		6AE101951E4409CD006A30CB /* sampleReviews.json */ = {isa = PBXFileReference; fileEncoding = 4; lastKnownFileType = text.json; path = sampleReviews.json; sourceTree = "<group>"; };
		6AE1019B1E440A0E006A30CB /* sampleReviewOptions.json */ = {isa = PBXFileReference; fileEncoding = 4; lastKnownFileType = text.json; path = sampleReviewOptions.json; sourceTree = "<group>"; };
		6AE1019E1E444DF4006A30CB /* NetworkManager.swift */ = {isa = PBXFileReference; fileEncoding = 4; lastKnownFileType = sourcecode.swift; path = NetworkManager.swift; sourceTree = "<group>"; };
		D4579E6ACF2FC8662B73CDF1 /* Pods_ExpenseTrackerTests.framework */ = {isa = PBXFileReference; explicitFileType = wrapper.framework; includeInIndex = 0; path = Pods_ExpenseTrackerTests.framework; sourceTree = BUILT_PRODUCTS_DIR; };
		DAB96F06CFB665BF02E6FF76 /* Pods-ExpenseTrackerTests.release.xcconfig */ = {isa = PBXFileReference; includeInIndex = 1; lastKnownFileType = text.xcconfig; name = "Pods-ExpenseTrackerTests.release.xcconfig"; path = "Pods/Target Support Files/Pods-ExpenseTrackerTests/Pods-ExpenseTrackerTests.release.xcconfig"; sourceTree = "<group>"; };
		DE6C8911B1780559C9CE18FB /* Pods-ExpenseTrackerTests.debug.xcconfig */ = {isa = PBXFileReference; includeInIndex = 1; lastKnownFileType = text.xcconfig; name = "Pods-ExpenseTrackerTests.debug.xcconfig"; path = "Pods/Target Support Files/Pods-ExpenseTrackerTests/Pods-ExpenseTrackerTests.debug.xcconfig"; sourceTree = "<group>"; };
		F47459B005E2A568FC786339 /* Pods-ExpenseTracker.release.xcconfig */ = {isa = PBXFileReference; includeInIndex = 1; lastKnownFileType = text.xcconfig; name = "Pods-ExpenseTracker.release.xcconfig"; path = "Pods/Target Support Files/Pods-ExpenseTracker/Pods-ExpenseTracker.release.xcconfig"; sourceTree = "<group>"; };
/* End PBXFileReference section */

/* Begin PBXFrameworksBuildPhase section */
		6A9488671E2850BF00385FF3 /* Frameworks */ = {
			isa = PBXFrameworksBuildPhase;
			buildActionMask = 2147483647;
			files = (
				E32F4188BB7E8A9096F39228 /* Pods_ExpenseTracker.framework in Frameworks */,
			);
			runOnlyForDeploymentPostprocessing = 0;
		};
		6A94887B1E2850C000385FF3 /* Frameworks */ = {
			isa = PBXFrameworksBuildPhase;
			buildActionMask = 2147483647;
			files = (
				590C998546CAFB961EFE5B32 /* Pods_ExpenseTrackerTests.framework in Frameworks */,
			);
			runOnlyForDeploymentPostprocessing = 0;
		};
/* End PBXFrameworksBuildPhase section */

/* Begin PBXGroup section */
		0A8F0FFBD48E87DC5F468CB2 /* Pods */ = {
			isa = PBXGroup;
			children = (
				42E656C9F9E3CD13CE88E946 /* Pods-ExpenseTracker.debug.xcconfig */,
				F47459B005E2A568FC786339 /* Pods-ExpenseTracker.release.xcconfig */,
				DE6C8911B1780559C9CE18FB /* Pods-ExpenseTrackerTests.debug.xcconfig */,
				DAB96F06CFB665BF02E6FF76 /* Pods-ExpenseTrackerTests.release.xcconfig */,
			);
			name = Pods;
			sourceTree = "<group>";
		};
		2EF8E333732F8F09200E3B47 /* Frameworks */ = {
			isa = PBXGroup;
			children = (
				46199523EAF5E77CF095CB4E /* Pods_ExpenseTracker.framework */,
				D4579E6ACF2FC8662B73CDF1 /* Pods_ExpenseTrackerTests.framework */,
			);
			name = Frameworks;
			sourceTree = "<group>";
		};
		6A8353B41E416C31004EEE2E /* Views */ = {
			isa = PBXGroup;
			children = (
				6A8353B51E416C31004EEE2E /* RatingControl.swift */,
			);
			path = Views;
			sourceTree = "<group>";
		};
		6A8353B71E416D20004EEE2E /* List of Apps */ = {
			isa = PBXGroup;
			children = (
				6A8353B81E416D20004EEE2E /* AppTableViewCell.swift */,
				6A8353B91E416D20004EEE2E /* AppTableViewController.swift */,
			);
			path = "List of Apps";
			sourceTree = "<group>";
		};
		6A8353BA1E416D20004EEE2E /* List of Reviews */ = {
			isa = PBXGroup;
			children = (
				6A8353BB1E416D20004EEE2E /* ReviewTableViewCell.swift */,
				6A8353BC1E416D20004EEE2E /* ReviewTableViewController.swift */,
			);
			path = "List of Reviews";
			sourceTree = "<group>";
		};
		6A8353BD1E416D20004EEE2E /* Review Options */ = {
			isa = PBXGroup;
			children = (
				6A8353BE1E416D20004EEE2E /* ReviewOptionsTableViewCell.swift */,
				6A8353BF1E416D20004EEE2E /* ReviewOptionsTableViewController.swift */,
			);
			path = "Review Options";
			sourceTree = "<group>";
		};
		6A9488611E2850BF00385FF3 = {
			isa = PBXGroup;
			children = (
				6A94886C1E2850BF00385FF3 /* ExpenseTracker */,
				6A9488811E2850C000385FF3 /* ExpenseTrackerTests */,
				6A94886B1E2850BF00385FF3 /* Products */,
				0A8F0FFBD48E87DC5F468CB2 /* Pods */,
				2EF8E333732F8F09200E3B47 /* Frameworks */,
			);
			sourceTree = "<group>";
		};
		6A94886B1E2850BF00385FF3 /* Products */ = {
			isa = PBXGroup;
			children = (
				6A94886A1E2850BF00385FF3 /* ExpenseTracker.app */,
				6A94887E1E2850C000385FF3 /* ExpenseTrackerTests.xctest */,
			);
			name = Products;
			sourceTree = "<group>";
		};
		6A94886C1E2850BF00385FF3 /* ExpenseTracker */ = {
			isa = PBXGroup;
			children = (
				6AE101901E4409CD006A30CB /* Data */,
				6AE1019D1E444DE6006A30CB /* Network */,
				6A8353B41E416C31004EEE2E /* Views */,
				6ACA27781E404FA900E16AFB /* Models */,
				6ACA27771E404DC700E16AFB /* View Controllers */,
				6A94886D1E2850BF00385FF3 /* AppDelegate.swift */,
				6A9488761E2850BF00385FF3 /* LaunchScreen.storyboard */,
				6A9488711E2850BF00385FF3 /* Main.storyboard */,
				6A9488741E2850BF00385FF3 /* Assets.xcassets */,
				6A9488791E2850BF00385FF3 /* Info.plist */,
				6ACF3A371E495AC200BB0C82 /* AppManager.swift */,
			);
			path = ExpenseTracker;
			sourceTree = "<group>";
		};
		6A9488811E2850C000385FF3 /* ExpenseTrackerTests */ = {
			isa = PBXGroup;
			children = (
				6A9488821E2850C000385FF3 /* ExpenseTrackerTests.swift */,
				6A9488841E2850C000385FF3 /* Info.plist */,
			);
			path = ExpenseTrackerTests;
			sourceTree = "<group>";
		};
		6ACA27771E404DC700E16AFB /* View Controllers */ = {
			isa = PBXGroup;
			children = (
				6ACF3A391E4AB49900BB0C82 /* Add new app */,
				6A8353B71E416D20004EEE2E /* List of Apps */,
				6A8353BA1E416D20004EEE2E /* List of Reviews */,
				6A8353BD1E416D20004EEE2E /* Review Options */,
			);
			path = "View Controllers";
			sourceTree = "<group>";
		};
		6ACA27781E404FA900E16AFB /* Models */ = {
			isa = PBXGroup;
			children = (
				6A6E37E01E3586FE0091105E /* App.swift */,
				6A35FC3F1E35CE7C008ED01F /* Review.swift */,
				6ADDDD311E3AF24200B5A79F /* ReviewOption.swift */,
			);
			path = Models;
			sourceTree = "<group>";
		};
		6ACF3A391E4AB49900BB0C82 /* Add new app */ = {
			isa = PBXGroup;
			children = (
				6ACF3A3C1E4AB4C800BB0C82 /* AddAppTableViewCell.swift */,
				6ACF3A3A1E4AB49900BB0C82 /* AddAppViewController.swift */,
				6A6088F11E5139D60085F09F /* SearchAppsTableViewCell.swift */,
				6A6088ED1E4D8B480085F09F /* SearchAppsViewController.swift */,
				6A6088EF1E5138230085F09F /* Countries.swift */,
				6A6088F51E5141480085F09F /* AlternateTableViewCell.swift */,
				6A6088F31E5141060085F09F /* AlternateTableViewController.swift */,
			);
			path = "Add new app";
			sourceTree = "<group>";
		};
		6AE101901E4409CD006A30CB /* Data */ = {
			isa = PBXGroup;
			children = (
				6AE101911E4409CD006A30CB /* deconstructItunesReviews.json */,
				6AE101921E4409CD006A30CB /* itunesColes.json */,
				6AE101931E4409CD006A30CB /* itunesReviews.json */,
				6AE101941E4409CD006A30CB /* sampleApps.json */,
				6AE101951E4409CD006A30CB /* sampleReviews.json */,
				6AE1019B1E440A0E006A30CB /* sampleReviewOptions.json */,
			);
			path = Data;
			sourceTree = "<group>";
		};
		6AE1019D1E444DE6006A30CB /* Network */ = {
			isa = PBXGroup;
			children = (
				6AE1019E1E444DF4006A30CB /* NetworkManager.swift */,
			);
			path = Network;
			sourceTree = "<group>";
		};
/* End PBXGroup section */

/* Begin PBXNativeTarget section */
		6A9488691E2850BF00385FF3 /* ExpenseTracker */ = {
			isa = PBXNativeTarget;
			buildConfigurationList = 6A9488871E2850C000385FF3 /* Build configuration list for PBXNativeTarget "ExpenseTracker" */;
			buildPhases = (
				C7A76D35BC43236A0C3D4414 /* [CP] Check Pods Manifest.lock */,
				6A9488661E2850BF00385FF3 /* Sources */,
				6A9488671E2850BF00385FF3 /* Frameworks */,
				6A9488681E2850BF00385FF3 /* Resources */,
				0772F09403D27D6C76B2997D /* [CP] Embed Pods Frameworks */,
				4EBAFA3C5E156BBB2D1DFDCB /* [CP] Copy Pods Resources */,
			);
			buildRules = (
			);
			dependencies = (
			);
			name = ExpenseTracker;
			productName = ExpenseTracker;
			productReference = 6A94886A1E2850BF00385FF3 /* ExpenseTracker.app */;
			productType = "com.apple.product-type.application";
		};
		6A94887D1E2850C000385FF3 /* ExpenseTrackerTests */ = {
			isa = PBXNativeTarget;
			buildConfigurationList = 6A94888A1E2850C000385FF3 /* Build configuration list for PBXNativeTarget "ExpenseTrackerTests" */;
			buildPhases = (
				82691BEF9E5FD44DD063A452 /* [CP] Check Pods Manifest.lock */,
				6A94887A1E2850C000385FF3 /* Sources */,
				6A94887B1E2850C000385FF3 /* Frameworks */,
				6A94887C1E2850C000385FF3 /* Resources */,
				1AF5B356BD56A2267438A7E7 /* [CP] Embed Pods Frameworks */,
				4B6D7B02D9F2DB9372FEDBC3 /* [CP] Copy Pods Resources */,
			);
			buildRules = (
			);
			dependencies = (
				6A9488801E2850C000385FF3 /* PBXTargetDependency */,
			);
			name = ExpenseTrackerTests;
			productName = ExpenseTrackerTests;
			productReference = 6A94887E1E2850C000385FF3 /* ExpenseTrackerTests.xctest */;
			productType = "com.apple.product-type.bundle.unit-test";
		};
/* End PBXNativeTarget section */

/* Begin PBXProject section */
		6A9488621E2850BF00385FF3 /* Project object */ = {
			isa = PBXProject;
			attributes = {
				LastSwiftUpdateCheck = 0810;
				LastUpgradeCheck = 0810;
				ORGANIZATIONNAME = "Ai-Lyn Tang";
				TargetAttributes = {
					6A9488691E2850BF00385FF3 = {
						CreatedOnToolsVersion = 8.1;
						ProvisioningStyle = Automatic;
					};
					6A94887D1E2850C000385FF3 = {
						CreatedOnToolsVersion = 8.1;
						ProvisioningStyle = Automatic;
						TestTargetID = 6A9488691E2850BF00385FF3;
					};
				};
			};
			buildConfigurationList = 6A9488651E2850BF00385FF3 /* Build configuration list for PBXProject "ExpenseTracker" */;
			compatibilityVersion = "Xcode 3.2";
			developmentRegion = English;
			hasScannedForEncodings = 0;
			knownRegions = (
				en,
				Base,
			);
			mainGroup = 6A9488611E2850BF00385FF3;
			productRefGroup = 6A94886B1E2850BF00385FF3 /* Products */;
			projectDirPath = "";
			projectRoot = "";
			targets = (
				6A9488691E2850BF00385FF3 /* ExpenseTracker */,
				6A94887D1E2850C000385FF3 /* ExpenseTrackerTests */,
			);
		};
/* End PBXProject section */

/* Begin PBXResourcesBuildPhase section */
		6A9488681E2850BF00385FF3 /* Resources */ = {
			isa = PBXResourcesBuildPhase;
			buildActionMask = 2147483647;
			files = (
				6AE101961E4409CD006A30CB /* deconstructItunesReviews.json in Resources */,
				6A9488781E2850BF00385FF3 /* LaunchScreen.storyboard in Resources */,
				6AE101971E4409CD006A30CB /* itunesColes.json in Resources */,
				6AE1019A1E4409CD006A30CB /* sampleReviews.json in Resources */,
				6AE101981E4409CD006A30CB /* itunesReviews.json in Resources */,
				6A9488751E2850BF00385FF3 /* Assets.xcassets in Resources */,
				6AE101991E4409CD006A30CB /* sampleApps.json in Resources */,
				6A9488731E2850BF00385FF3 /* Main.storyboard in Resources */,
				6AE1019C1E440A0E006A30CB /* sampleReviewOptions.json in Resources */,
			);
			runOnlyForDeploymentPostprocessing = 0;
		};
		6A94887C1E2850C000385FF3 /* Resources */ = {
			isa = PBXResourcesBuildPhase;
			buildActionMask = 2147483647;
			files = (
			);
			runOnlyForDeploymentPostprocessing = 0;
		};
/* End PBXResourcesBuildPhase section */

/* Begin PBXShellScriptBuildPhase section */
		0772F09403D27D6C76B2997D /* [CP] Embed Pods Frameworks */ = {
			isa = PBXShellScriptBuildPhase;
			buildActionMask = 2147483647;
			files = (
			);
			inputPaths = (
			);
			name = "[CP] Embed Pods Frameworks";
			outputPaths = (
			);
			runOnlyForDeploymentPostprocessing = 0;
			shellPath = /bin/sh;
			shellScript = "\"${SRCROOT}/Pods/Target Support Files/Pods-ExpenseTracker/Pods-ExpenseTracker-frameworks.sh\"\n";
			showEnvVarsInLog = 0;
		};
		1AF5B356BD56A2267438A7E7 /* [CP] Embed Pods Frameworks */ = {
			isa = PBXShellScriptBuildPhase;
			buildActionMask = 2147483647;
			files = (
			);
			inputPaths = (
			);
			name = "[CP] Embed Pods Frameworks";
			outputPaths = (
			);
			runOnlyForDeploymentPostprocessing = 0;
			shellPath = /bin/sh;
			shellScript = "\"${SRCROOT}/Pods/Target Support Files/Pods-ExpenseTrackerTests/Pods-ExpenseTrackerTests-frameworks.sh\"\n";
			showEnvVarsInLog = 0;
		};
		4B6D7B02D9F2DB9372FEDBC3 /* [CP] Copy Pods Resources */ = {
			isa = PBXShellScriptBuildPhase;
			buildActionMask = 2147483647;
			files = (
			);
			inputPaths = (
			);
			name = "[CP] Copy Pods Resources";
			outputPaths = (
			);
			runOnlyForDeploymentPostprocessing = 0;
			shellPath = /bin/sh;
			shellScript = "\"${SRCROOT}/Pods/Target Support Files/Pods-ExpenseTrackerTests/Pods-ExpenseTrackerTests-resources.sh\"\n";
			showEnvVarsInLog = 0;
		};
		4EBAFA3C5E156BBB2D1DFDCB /* [CP] Copy Pods Resources */ = {
			isa = PBXShellScriptBuildPhase;
			buildActionMask = 2147483647;
			files = (
			);
			inputPaths = (
			);
			name = "[CP] Copy Pods Resources";
			outputPaths = (
			);
			runOnlyForDeploymentPostprocessing = 0;
			shellPath = /bin/sh;
			shellScript = "\"${SRCROOT}/Pods/Target Support Files/Pods-ExpenseTracker/Pods-ExpenseTracker-resources.sh\"\n";
			showEnvVarsInLog = 0;
		};
		82691BEF9E5FD44DD063A452 /* [CP] Check Pods Manifest.lock */ = {
			isa = PBXShellScriptBuildPhase;
			buildActionMask = 2147483647;
			files = (
			);
			inputPaths = (
			);
			name = "[CP] Check Pods Manifest.lock";
			outputPaths = (
			);
			runOnlyForDeploymentPostprocessing = 0;
			shellPath = /bin/sh;
			shellScript = "diff \"${PODS_ROOT}/../Podfile.lock\" \"${PODS_ROOT}/Manifest.lock\" > /dev/null\nif [ $? != 0 ] ; then\n    # print error to STDERR\n    echo \"error: The sandbox is not in sync with the Podfile.lock. Run 'pod install' or update your CocoaPods installation.\" >&2\n    exit 1\nfi\n";
			showEnvVarsInLog = 0;
		};
		C7A76D35BC43236A0C3D4414 /* [CP] Check Pods Manifest.lock */ = {
			isa = PBXShellScriptBuildPhase;
			buildActionMask = 2147483647;
			files = (
			);
			inputPaths = (
			);
			name = "[CP] Check Pods Manifest.lock";
			outputPaths = (
			);
			runOnlyForDeploymentPostprocessing = 0;
			shellPath = /bin/sh;
			shellScript = "diff \"${PODS_ROOT}/../Podfile.lock\" \"${PODS_ROOT}/Manifest.lock\" > /dev/null\nif [ $? != 0 ] ; then\n    # print error to STDERR\n    echo \"error: The sandbox is not in sync with the Podfile.lock. Run 'pod install' or update your CocoaPods installation.\" >&2\n    exit 1\nfi\n";
			showEnvVarsInLog = 0;
		};
/* End PBXShellScriptBuildPhase section */

/* Begin PBXSourcesBuildPhase section */
		6A9488661E2850BF00385FF3 /* Sources */ = {
			isa = PBXSourcesBuildPhase;
			buildActionMask = 2147483647;
			files = (
				6A8353C41E416D20004EEE2E /* ReviewOptionsTableViewCell.swift in Sources */,
				6A8353C31E416D20004EEE2E /* ReviewTableViewController.swift in Sources */,
				6A6088EE1E4D8B480085F09F /* SearchAppsViewController.swift in Sources */,
				6ACF3A3B1E4AB49900BB0C82 /* AddAppViewController.swift in Sources */,
				6A8353C11E416D20004EEE2E /* AppTableViewController.swift in Sources */,
				6A6088F41E5141070085F09F /* AlternateTableViewController.swift in Sources */,
				6A6088F61E5141480085F09F /* AlternateTableViewCell.swift in Sources */,
				6A6088F21E5139D60085F09F /* SearchAppsTableViewCell.swift in Sources */,
				6AE1019F1E444DF4006A30CB /* NetworkManager.swift in Sources */,
				6A6E37E11E3586FE0091105E /* App.swift in Sources */,
				6ACF3A381E495AC200BB0C82 /* AppManager.swift in Sources */,
				6ADDDD321E3AF24200B5A79F /* ReviewOption.swift in Sources */,
				6A8353C21E416D20004EEE2E /* ReviewTableViewCell.swift in Sources */,
				6A8353C01E416D20004EEE2E /* AppTableViewCell.swift in Sources */,
				6A6088F01E5138230085F09F /* Countries.swift in Sources */,
				6A35FC401E35CE7C008ED01F /* Review.swift in Sources */,
				6ACF3A3D1E4AB4C800BB0C82 /* AddAppTableViewCell.swift in Sources */,
				6A8353C51E416D20004EEE2E /* ReviewOptionsTableViewController.swift in Sources */,
				6A8353B61E416C31004EEE2E /* RatingControl.swift in Sources */,
				6A94886E1E2850BF00385FF3 /* AppDelegate.swift in Sources */,
			);
			runOnlyForDeploymentPostprocessing = 0;
		};
		6A94887A1E2850C000385FF3 /* Sources */ = {
			isa = PBXSourcesBuildPhase;
			buildActionMask = 2147483647;
			files = (
				6A9488831E2850C000385FF3 /* ExpenseTrackerTests.swift in Sources */,
			);
			runOnlyForDeploymentPostprocessing = 0;
		};
/* End PBXSourcesBuildPhase section */

/* Begin PBXTargetDependency section */
		6A9488801E2850C000385FF3 /* PBXTargetDependency */ = {
			isa = PBXTargetDependency;
			target = 6A9488691E2850BF00385FF3 /* ExpenseTracker */;
			targetProxy = 6A94887F1E2850C000385FF3 /* PBXContainerItemProxy */;
		};
/* End PBXTargetDependency section */

/* Begin PBXVariantGroup section */
		6A9488711E2850BF00385FF3 /* Main.storyboard */ = {
			isa = PBXVariantGroup;
			children = (
				6A9488721E2850BF00385FF3 /* Base */,
			);
			name = Main.storyboard;
			sourceTree = "<group>";
		};
		6A9488761E2850BF00385FF3 /* LaunchScreen.storyboard */ = {
			isa = PBXVariantGroup;
			children = (
				6A9488771E2850BF00385FF3 /* Base */,
			);
			name = LaunchScreen.storyboard;
			sourceTree = "<group>";
		};
/* End PBXVariantGroup section */

/* Begin XCBuildConfiguration section */
		6A9488851E2850C000385FF3 /* Debug */ = {
			isa = XCBuildConfiguration;
			buildSettings = {
				ALWAYS_SEARCH_USER_PATHS = NO;
				CLANG_ANALYZER_NONNULL = YES;
				CLANG_CXX_LANGUAGE_STANDARD = "gnu++0x";
				CLANG_CXX_LIBRARY = "libc++";
				CLANG_ENABLE_MODULES = YES;
				CLANG_ENABLE_OBJC_ARC = YES;
				CLANG_WARN_BOOL_CONVERSION = YES;
				CLANG_WARN_CONSTANT_CONVERSION = YES;
				CLANG_WARN_DIRECT_OBJC_ISA_USAGE = YES_ERROR;
				CLANG_WARN_DOCUMENTATION_COMMENTS = YES;
				CLANG_WARN_EMPTY_BODY = YES;
				CLANG_WARN_ENUM_CONVERSION = YES;
				CLANG_WARN_INFINITE_RECURSION = YES;
				CLANG_WARN_INT_CONVERSION = YES;
				CLANG_WARN_OBJC_ROOT_CLASS = YES_ERROR;
				CLANG_WARN_SUSPICIOUS_MOVE = YES;
				CLANG_WARN_SUSPICIOUS_MOVES = YES;
				CLANG_WARN_UNREACHABLE_CODE = YES;
				CLANG_WARN__DUPLICATE_METHOD_MATCH = YES;
				"CODE_SIGN_IDENTITY[sdk=iphoneos*]" = "iPhone Developer";
				COPY_PHASE_STRIP = NO;
				DEBUG_INFORMATION_FORMAT = dwarf;
				ENABLE_STRICT_OBJC_MSGSEND = YES;
				ENABLE_TESTABILITY = YES;
				GCC_C_LANGUAGE_STANDARD = gnu99;
				GCC_DYNAMIC_NO_PIC = NO;
				GCC_NO_COMMON_BLOCKS = YES;
				GCC_OPTIMIZATION_LEVEL = 0;
				GCC_PREPROCESSOR_DEFINITIONS = (
					"DEBUG=1",
					"$(inherited)",
				);
				GCC_WARN_64_TO_32_BIT_CONVERSION = YES;
				GCC_WARN_ABOUT_RETURN_TYPE = YES_ERROR;
				GCC_WARN_UNDECLARED_SELECTOR = YES;
				GCC_WARN_UNINITIALIZED_AUTOS = YES_AGGRESSIVE;
				GCC_WARN_UNUSED_FUNCTION = YES;
				GCC_WARN_UNUSED_VARIABLE = YES;
				IPHONEOS_DEPLOYMENT_TARGET = 10.1;
				MTL_ENABLE_DEBUG_INFO = YES;
				ONLY_ACTIVE_ARCH = YES;
				SDKROOT = iphoneos;
				SWIFT_ACTIVE_COMPILATION_CONDITIONS = DEBUG;
				SWIFT_OPTIMIZATION_LEVEL = "-Onone";
				TARGETED_DEVICE_FAMILY = "1,2";
			};
			name = Debug;
		};
		6A9488861E2850C000385FF3 /* Release */ = {
			isa = XCBuildConfiguration;
			buildSettings = {
				ALWAYS_SEARCH_USER_PATHS = NO;
				CLANG_ANALYZER_NONNULL = YES;
				CLANG_CXX_LANGUAGE_STANDARD = "gnu++0x";
				CLANG_CXX_LIBRARY = "libc++";
				CLANG_ENABLE_MODULES = YES;
				CLANG_ENABLE_OBJC_ARC = YES;
				CLANG_WARN_BOOL_CONVERSION = YES;
				CLANG_WARN_CONSTANT_CONVERSION = YES;
				CLANG_WARN_DIRECT_OBJC_ISA_USAGE = YES_ERROR;
				CLANG_WARN_DOCUMENTATION_COMMENTS = YES;
				CLANG_WARN_EMPTY_BODY = YES;
				CLANG_WARN_ENUM_CONVERSION = YES;
				CLANG_WARN_INFINITE_RECURSION = YES;
				CLANG_WARN_INT_CONVERSION = YES;
				CLANG_WARN_OBJC_ROOT_CLASS = YES_ERROR;
				CLANG_WARN_SUSPICIOUS_MOVE = YES;
				CLANG_WARN_SUSPICIOUS_MOVES = YES;
				CLANG_WARN_UNREACHABLE_CODE = YES;
				CLANG_WARN__DUPLICATE_METHOD_MATCH = YES;
				"CODE_SIGN_IDENTITY[sdk=iphoneos*]" = "iPhone Developer";
				COPY_PHASE_STRIP = NO;
				DEBUG_INFORMATION_FORMAT = "dwarf-with-dsym";
				ENABLE_NS_ASSERTIONS = NO;
				ENABLE_STRICT_OBJC_MSGSEND = YES;
				GCC_C_LANGUAGE_STANDARD = gnu99;
				GCC_NO_COMMON_BLOCKS = YES;
				GCC_WARN_64_TO_32_BIT_CONVERSION = YES;
				GCC_WARN_ABOUT_RETURN_TYPE = YES_ERROR;
				GCC_WARN_UNDECLARED_SELECTOR = YES;
				GCC_WARN_UNINITIALIZED_AUTOS = YES_AGGRESSIVE;
				GCC_WARN_UNUSED_FUNCTION = YES;
				GCC_WARN_UNUSED_VARIABLE = YES;
				IPHONEOS_DEPLOYMENT_TARGET = 10.1;
				MTL_ENABLE_DEBUG_INFO = NO;
				SDKROOT = iphoneos;
				SWIFT_OPTIMIZATION_LEVEL = "-Owholemodule";
				TARGETED_DEVICE_FAMILY = "1,2";
				VALIDATE_PRODUCT = YES;
			};
			name = Release;
		};
		6A9488881E2850C000385FF3 /* Debug */ = {
			isa = XCBuildConfiguration;
			baseConfigurationReference = 42E656C9F9E3CD13CE88E946 /* Pods-ExpenseTracker.debug.xcconfig */;
			buildSettings = {
				ASSETCATALOG_COMPILER_APPICON_NAME = AppIcon;
				INFOPLIST_FILE = ExpenseTracker/Info.plist;
				LD_RUNPATH_SEARCH_PATHS = "$(inherited) @executable_path/Frameworks";
				PRODUCT_BUNDLE_IDENTIFIER = com.example.ExpenseTracker;
				PRODUCT_NAME = "$(TARGET_NAME)";
				SWIFT_VERSION = 3.0;
			};
			name = Debug;
		};
		6A9488891E2850C000385FF3 /* Release */ = {
			isa = XCBuildConfiguration;
			baseConfigurationReference = F47459B005E2A568FC786339 /* Pods-ExpenseTracker.release.xcconfig */;
			buildSettings = {
				ASSETCATALOG_COMPILER_APPICON_NAME = AppIcon;
				INFOPLIST_FILE = ExpenseTracker/Info.plist;
				LD_RUNPATH_SEARCH_PATHS = "$(inherited) @executable_path/Frameworks";
				PRODUCT_BUNDLE_IDENTIFIER = com.example.ExpenseTracker;
				PRODUCT_NAME = "$(TARGET_NAME)";
				SWIFT_VERSION = 3.0;
			};
			name = Release;
		};
		6A94888B1E2850C000385FF3 /* Debug */ = {
			isa = XCBuildConfiguration;
			baseConfigurationReference = DE6C8911B1780559C9CE18FB /* Pods-ExpenseTrackerTests.debug.xcconfig */;
			buildSettings = {
				ALWAYS_EMBED_SWIFT_STANDARD_LIBRARIES = YES;
				BUNDLE_LOADER = "$(TEST_HOST)";
				INFOPLIST_FILE = ExpenseTrackerTests/Info.plist;
				LD_RUNPATH_SEARCH_PATHS = "$(inherited) @executable_path/Frameworks @loader_path/Frameworks";
				PRODUCT_BUNDLE_IDENTIFIER = com.example.ExpenseTrackerTests;
				PRODUCT_NAME = "$(TARGET_NAME)";
				SWIFT_VERSION = 3.0;
				TEST_HOST = "$(BUILT_PRODUCTS_DIR)/ExpenseTracker.app/ExpenseTracker";
			};
			name = Debug;
		};
		6A94888C1E2850C000385FF3 /* Release */ = {
			isa = XCBuildConfiguration;
			baseConfigurationReference = DAB96F06CFB665BF02E6FF76 /* Pods-ExpenseTrackerTests.release.xcconfig */;
			buildSettings = {
				ALWAYS_EMBED_SWIFT_STANDARD_LIBRARIES = YES;
				BUNDLE_LOADER = "$(TEST_HOST)";
				INFOPLIST_FILE = ExpenseTrackerTests/Info.plist;
				LD_RUNPATH_SEARCH_PATHS = "$(inherited) @executable_path/Frameworks @loader_path/Frameworks";
				PRODUCT_BUNDLE_IDENTIFIER = com.example.ExpenseTrackerTests;
				PRODUCT_NAME = "$(TARGET_NAME)";
				SWIFT_VERSION = 3.0;
				TEST_HOST = "$(BUILT_PRODUCTS_DIR)/ExpenseTracker.app/ExpenseTracker";
			};
			name = Release;
		};
/* End XCBuildConfiguration section */

/* Begin XCConfigurationList section */
		6A9488651E2850BF00385FF3 /* Build configuration list for PBXProject "ExpenseTracker" */ = {
			isa = XCConfigurationList;
			buildConfigurations = (
				6A9488851E2850C000385FF3 /* Debug */,
				6A9488861E2850C000385FF3 /* Release */,
			);
			defaultConfigurationIsVisible = 0;
			defaultConfigurationName = Release;
		};
		6A9488871E2850C000385FF3 /* Build configuration list for PBXNativeTarget "ExpenseTracker" */ = {
			isa = XCConfigurationList;
			buildConfigurations = (
				6A9488881E2850C000385FF3 /* Debug */,
				6A9488891E2850C000385FF3 /* Release */,
			);
			defaultConfigurationIsVisible = 0;
			defaultConfigurationName = Release;
		};
		6A94888A1E2850C000385FF3 /* Build configuration list for PBXNativeTarget "ExpenseTrackerTests" */ = {
			isa = XCConfigurationList;
			buildConfigurations = (
				6A94888B1E2850C000385FF3 /* Debug */,
				6A94888C1E2850C000385FF3 /* Release */,
			);
			defaultConfigurationIsVisible = 0;
			defaultConfigurationName = Release;
		};
/* End XCConfigurationList section */
	};
	rootObject = 6A9488621E2850BF00385FF3 /* Project object */;
}
