// !$*UTF8*$!
{
	archiveVersion = 1;
	classes = {
	};
	objectVersion = 46;
	objects = {

/* Begin PBXBuildFile section */
		590C998546CAFB961EFE5B32 /* Pods_ExpenseTrackerTests.framework in Frameworks */ = {isa = PBXBuildFile; fileRef = D4579E6ACF2FC8662B73CDF1 /* Pods_ExpenseTrackerTests.framework */; };
		6A9488731E2850BF00385FF3 /* Main.storyboard in Resources */ = {isa = PBXBuildFile; fileRef = 6A9488711E2850BF00385FF3 /* Main.storyboard */; };
		6A9488781E2850BF00385FF3 /* LaunchScreen.storyboard in Resources */ = {isa = PBXBuildFile; fileRef = 6A9488761E2850BF00385FF3 /* LaunchScreen.storyboard */; };
		B9D2A61D1E92642400978046 /* App.swift in Sources */ = {isa = PBXBuildFile; fileRef = B9D2A6191E92642400978046 /* App.swift */; };
		B9D2A61E1E92642400978046 /* AppFromSearchApi.swift in Sources */ = {isa = PBXBuildFile; fileRef = B9D2A61A1E92642400978046 /* AppFromSearchApi.swift */; };
		B9D2A61F1E92642400978046 /* Review.swift in Sources */ = {isa = PBXBuildFile; fileRef = B9D2A61B1E92642400978046 /* Review.swift */; };
		B9D2A6201E92642400978046 /* ReviewOption.swift in Sources */ = {isa = PBXBuildFile; fileRef = B9D2A61C1E92642400978046 /* ReviewOption.swift */; };
		B9D2A6221E92647E00978046 /* Assets.xcassets in Resources */ = {isa = PBXBuildFile; fileRef = B9D2A6211E92647E00978046 /* Assets.xcassets */; };
		B9D2A6251E92648E00978046 /* AppDelegate.swift in Sources */ = {isa = PBXBuildFile; fileRef = B9D2A6231E92648E00978046 /* AppDelegate.swift */; };
		B9D2A6261E92648E00978046 /* AppManager.swift in Sources */ = {isa = PBXBuildFile; fileRef = B9D2A6241E92648E00978046 /* AppManager.swift */; };
		B9D2A6291E92649E00978046 /* RatingControl.swift in Sources */ = {isa = PBXBuildFile; fileRef = B9D2A6281E92649E00978046 /* RatingControl.swift */; };
		B9D2A62C1E9264A900978046 /* NetworkManager.swift in Sources */ = {isa = PBXBuildFile; fileRef = B9D2A62B1E9264A900978046 /* NetworkManager.swift */; };
		B9D2A6341E9264B300978046 /* deconstructItunesReviews.json in Resources */ = {isa = PBXBuildFile; fileRef = B9D2A62E1E9264B300978046 /* deconstructItunesReviews.json */; };
		B9D2A6351E9264B300978046 /* itunesColes.json in Resources */ = {isa = PBXBuildFile; fileRef = B9D2A62F1E9264B300978046 /* itunesColes.json */; };
		B9D2A6361E9264B300978046 /* itunesReviews.json in Resources */ = {isa = PBXBuildFile; fileRef = B9D2A6301E9264B300978046 /* itunesReviews.json */; };
		B9D2A6371E9264B300978046 /* sampleApps.json in Resources */ = {isa = PBXBuildFile; fileRef = B9D2A6311E9264B300978046 /* sampleApps.json */; };
		B9D2A6381E9264B300978046 /* sampleReviewOptions.json in Resources */ = {isa = PBXBuildFile; fileRef = B9D2A6321E9264B300978046 /* sampleReviewOptions.json */; };
		B9D2A6391E9264B300978046 /* sampleReviews.json in Resources */ = {isa = PBXBuildFile; fileRef = B9D2A6331E9264B300978046 /* sampleReviews.json */; };
		B9D2A63B1E9264C200978046 /* Info.plist in Resources */ = {isa = PBXBuildFile; fileRef = B9D2A63A1E9264C200978046 /* Info.plist */; };
		B9D2A63F1E9264D800978046 /* AppTrackerTests.swift in Sources */ = {isa = PBXBuildFile; fileRef = B9D2A63D1E9264D800978046 /* AppTrackerTests.swift */; };
		B9D2A6401E9264D800978046 /* Info.plist in Resources */ = {isa = PBXBuildFile; fileRef = B9D2A63E1E9264D800978046 /* Info.plist */; };
		B9D2A6541E92656000978046 /* AppTableViewCell.swift in Sources */ = {isa = PBXBuildFile; fileRef = B9D2A6431E92656000978046 /* AppTableViewCell.swift */; };
		B9D2A6551E92656000978046 /* AppTableViewController.swift in Sources */ = {isa = PBXBuildFile; fileRef = B9D2A6441E92656000978046 /* AppTableViewController.swift */; };
		B9D2A6561E92656000978046 /* ReviewTableViewCell.swift in Sources */ = {isa = PBXBuildFile; fileRef = B9D2A6461E92656000978046 /* ReviewTableViewCell.swift */; };
		B9D2A6571E92656000978046 /* ReviewTableViewController.swift in Sources */ = {isa = PBXBuildFile; fileRef = B9D2A6471E92656000978046 /* ReviewTableViewController.swift */; };
		B9D2A6581E92656000978046 /* ReviewOptionsTableViewCell.swift in Sources */ = {isa = PBXBuildFile; fileRef = B9D2A6491E92656000978046 /* ReviewOptionsTableViewCell.swift */; };
		B9D2A6591E92656000978046 /* ReviewOptionsTableViewController.swift in Sources */ = {isa = PBXBuildFile; fileRef = B9D2A64A1E92656000978046 /* ReviewOptionsTableViewController.swift */; };
		B9D2A65A1E92656000978046 /* AlternateTableViewCell.swift in Sources */ = {isa = PBXBuildFile; fileRef = B9D2A64C1E92656000978046 /* AlternateTableViewCell.swift */; };
		B9D2A65B1E92656000978046 /* AlternateTableViewController.swift in Sources */ = {isa = PBXBuildFile; fileRef = B9D2A64D1E92656000978046 /* AlternateTableViewController.swift */; };
		B9D2A65C1E92656000978046 /* Countries.swift in Sources */ = {isa = PBXBuildFile; fileRef = B9D2A64E1E92656000978046 /* Countries.swift */; };
		B9D2A65D1E92656000978046 /* SearchCountriesTableViewCell.swift in Sources */ = {isa = PBXBuildFile; fileRef = B9D2A64F1E92656000978046 /* SearchCountriesTableViewCell.swift */; };
		B9D2A65E1E92656000978046 /* SearchCountriesViewController.swift in Sources */ = {isa = PBXBuildFile; fileRef = B9D2A6501E92656000978046 /* SearchCountriesViewController.swift */; };
		B9D2A65F1E92656000978046 /* SearchAppsTableViewCell.swift in Sources */ = {isa = PBXBuildFile; fileRef = B9D2A6521E92656000978046 /* SearchAppsTableViewCell.swift */; };
		B9D2A6601E92656000978046 /* SearchAppsViewController.swift in Sources */ = {isa = PBXBuildFile; fileRef = B9D2A6531E92656000978046 /* SearchAppsViewController.swift */; };
		E32F4188BB7E8A9096F39228 /* Pods_ExpenseTracker.framework in Frameworks */ = {isa = PBXBuildFile; fileRef = 46199523EAF5E77CF095CB4E /* Pods_ExpenseTracker.framework */; };
/* End PBXBuildFile section */

/* Begin PBXContainerItemProxy section */
		6A94887F1E2850C000385FF3 /* PBXContainerItemProxy */ = {
			isa = PBXContainerItemProxy;
			containerPortal = 6A9488621E2850BF00385FF3 /* Project object */;
			proxyType = 1;
			remoteGlobalIDString = 6A9488691E2850BF00385FF3;
			remoteInfo = ExpenseTracker;
		};
/* End PBXContainerItemProxy section */

/* Begin PBXFileReference section */
		42E656C9F9E3CD13CE88E946 /* Pods-ExpenseTracker.debug.xcconfig */ = {isa = PBXFileReference; includeInIndex = 1; lastKnownFileType = text.xcconfig; name = "Pods-ExpenseTracker.debug.xcconfig"; path = "Pods/Target Support Files/Pods-ExpenseTracker/Pods-ExpenseTracker.debug.xcconfig"; sourceTree = "<group>"; };
		46199523EAF5E77CF095CB4E /* Pods_ExpenseTracker.framework */ = {isa = PBXFileReference; explicitFileType = wrapper.framework; includeInIndex = 0; path = Pods_ExpenseTracker.framework; sourceTree = BUILT_PRODUCTS_DIR; };
		6A94886A1E2850BF00385FF3 /* ExpenseTracker.app */ = {isa = PBXFileReference; explicitFileType = wrapper.application; includeInIndex = 0; path = ExpenseTracker.app; sourceTree = BUILT_PRODUCTS_DIR; };
		6A9488721E2850BF00385FF3 /* Base */ = {isa = PBXFileReference; lastKnownFileType = file.storyboard; name = Base; path = Base.lproj/Main.storyboard; sourceTree = "<group>"; };
		6A9488771E2850BF00385FF3 /* Base */ = {isa = PBXFileReference; lastKnownFileType = file.storyboard; name = Base; path = Base.lproj/LaunchScreen.storyboard; sourceTree = "<group>"; };
		6A94887E1E2850C000385FF3 /* ExpenseTrackerTests.xctest */ = {isa = PBXFileReference; explicitFileType = wrapper.cfbundle; includeInIndex = 0; path = ExpenseTrackerTests.xctest; sourceTree = BUILT_PRODUCTS_DIR; };
		B9D2A6191E92642400978046 /* App.swift */ = {isa = PBXFileReference; fileEncoding = 4; lastKnownFileType = sourcecode.swift; path = App.swift; sourceTree = "<group>"; };
		B9D2A61A1E92642400978046 /* AppFromSearchApi.swift */ = {isa = PBXFileReference; fileEncoding = 4; lastKnownFileType = sourcecode.swift; path = AppFromSearchApi.swift; sourceTree = "<group>"; };
		B9D2A61B1E92642400978046 /* Review.swift */ = {isa = PBXFileReference; fileEncoding = 4; lastKnownFileType = sourcecode.swift; path = Review.swift; sourceTree = "<group>"; };
		B9D2A61C1E92642400978046 /* ReviewOption.swift */ = {isa = PBXFileReference; fileEncoding = 4; lastKnownFileType = sourcecode.swift; path = ReviewOption.swift; sourceTree = "<group>"; };
		B9D2A6211E92647E00978046 /* Assets.xcassets */ = {isa = PBXFileReference; lastKnownFileType = folder.assetcatalog; name = Assets.xcassets; path = AppTracker/Assets.xcassets; sourceTree = "<group>"; };
		B9D2A6231E92648E00978046 /* AppDelegate.swift */ = {isa = PBXFileReference; fileEncoding = 4; lastKnownFileType = sourcecode.swift; name = AppDelegate.swift; path = AppTracker/AppDelegate.swift; sourceTree = "<group>"; };
		B9D2A6241E92648E00978046 /* AppManager.swift */ = {isa = PBXFileReference; fileEncoding = 4; lastKnownFileType = sourcecode.swift; name = AppManager.swift; path = AppTracker/AppManager.swift; sourceTree = "<group>"; };
		B9D2A6281E92649E00978046 /* RatingControl.swift */ = {isa = PBXFileReference; fileEncoding = 4; lastKnownFileType = sourcecode.swift; path = RatingControl.swift; sourceTree = "<group>"; };
		B9D2A62B1E9264A900978046 /* NetworkManager.swift */ = {isa = PBXFileReference; fileEncoding = 4; lastKnownFileType = sourcecode.swift; path = NetworkManager.swift; sourceTree = "<group>"; };
		B9D2A62E1E9264B300978046 /* deconstructItunesReviews.json */ = {isa = PBXFileReference; fileEncoding = 4; lastKnownFileType = text.json; path = deconstructItunesReviews.json; sourceTree = "<group>"; };
		B9D2A62F1E9264B300978046 /* itunesColes.json */ = {isa = PBXFileReference; fileEncoding = 4; lastKnownFileType = text.json; path = itunesColes.json; sourceTree = "<group>"; };
		B9D2A6301E9264B300978046 /* itunesReviews.json */ = {isa = PBXFileReference; fileEncoding = 4; lastKnownFileType = text.json; path = itunesReviews.json; sourceTree = "<group>"; };
		B9D2A6311E9264B300978046 /* sampleApps.json */ = {isa = PBXFileReference; fileEncoding = 4; lastKnownFileType = text.json; path = sampleApps.json; sourceTree = "<group>"; };
		B9D2A6321E9264B300978046 /* sampleReviewOptions.json */ = {isa = PBXFileReference; fileEncoding = 4; lastKnownFileType = text.json; path = sampleReviewOptions.json; sourceTree = "<group>"; };
		B9D2A6331E9264B300978046 /* sampleReviews.json */ = {isa = PBXFileReference; fileEncoding = 4; lastKnownFileType = text.json; path = sampleReviews.json; sourceTree = "<group>"; };
		B9D2A63A1E9264C200978046 /* Info.plist */ = {isa = PBXFileReference; fileEncoding = 4; lastKnownFileType = text.plist.xml; name = Info.plist; path = AppTracker/Info.plist; sourceTree = SOURCE_ROOT; };
		B9D2A63D1E9264D800978046 /* AppTrackerTests.swift */ = {isa = PBXFileReference; fileEncoding = 4; lastKnownFileType = sourcecode.swift; path = AppTrackerTests.swift; sourceTree = "<group>"; };
		B9D2A63E1E9264D800978046 /* Info.plist */ = {isa = PBXFileReference; fileEncoding = 4; lastKnownFileType = text.plist.xml; path = Info.plist; sourceTree = "<group>"; };
		B9D2A6431E92656000978046 /* AppTableViewCell.swift */ = {isa = PBXFileReference; fileEncoding = 4; lastKnownFileType = sourcecode.swift; path = AppTableViewCell.swift; sourceTree = "<group>"; };
		B9D2A6441E92656000978046 /* AppTableViewController.swift */ = {isa = PBXFileReference; fileEncoding = 4; lastKnownFileType = sourcecode.swift; path = AppTableViewController.swift; sourceTree = "<group>"; };
		B9D2A6461E92656000978046 /* ReviewTableViewCell.swift */ = {isa = PBXFileReference; fileEncoding = 4; lastKnownFileType = sourcecode.swift; path = ReviewTableViewCell.swift; sourceTree = "<group>"; };
		B9D2A6471E92656000978046 /* ReviewTableViewController.swift */ = {isa = PBXFileReference; fileEncoding = 4; lastKnownFileType = sourcecode.swift; path = ReviewTableViewController.swift; sourceTree = "<group>"; };
		B9D2A6491E92656000978046 /* ReviewOptionsTableViewCell.swift */ = {isa = PBXFileReference; fileEncoding = 4; lastKnownFileType = sourcecode.swift; path = ReviewOptionsTableViewCell.swift; sourceTree = "<group>"; };
		B9D2A64A1E92656000978046 /* ReviewOptionsTableViewController.swift */ = {isa = PBXFileReference; fileEncoding = 4; lastKnownFileType = sourcecode.swift; path = ReviewOptionsTableViewController.swift; sourceTree = "<group>"; };
		B9D2A64C1E92656000978046 /* AlternateTableViewCell.swift */ = {isa = PBXFileReference; fileEncoding = 4; lastKnownFileType = sourcecode.swift; path = AlternateTableViewCell.swift; sourceTree = "<group>"; };
		B9D2A64D1E92656000978046 /* AlternateTableViewController.swift */ = {isa = PBXFileReference; fileEncoding = 4; lastKnownFileType = sourcecode.swift; path = AlternateTableViewController.swift; sourceTree = "<group>"; };
		B9D2A64E1E92656000978046 /* Countries.swift */ = {isa = PBXFileReference; fileEncoding = 4; lastKnownFileType = sourcecode.swift; path = Countries.swift; sourceTree = "<group>"; };
		B9D2A64F1E92656000978046 /* SearchCountriesTableViewCell.swift */ = {isa = PBXFileReference; fileEncoding = 4; lastKnownFileType = sourcecode.swift; path = SearchCountriesTableViewCell.swift; sourceTree = "<group>"; };
		B9D2A6501E92656000978046 /* SearchCountriesViewController.swift */ = {isa = PBXFileReference; fileEncoding = 4; lastKnownFileType = sourcecode.swift; path = SearchCountriesViewController.swift; sourceTree = "<group>"; };
		B9D2A6521E92656000978046 /* SearchAppsTableViewCell.swift */ = {isa = PBXFileReference; fileEncoding = 4; lastKnownFileType = sourcecode.swift; path = SearchAppsTableViewCell.swift; sourceTree = "<group>"; };
		B9D2A6531E92656000978046 /* SearchAppsViewController.swift */ = {isa = PBXFileReference; fileEncoding = 4; lastKnownFileType = sourcecode.swift; path = SearchAppsViewController.swift; sourceTree = "<group>"; };
		D4579E6ACF2FC8662B73CDF1 /* Pods_ExpenseTrackerTests.framework */ = {isa = PBXFileReference; explicitFileType = wrapper.framework; includeInIndex = 0; path = Pods_ExpenseTrackerTests.framework; sourceTree = BUILT_PRODUCTS_DIR; };
		DAB96F06CFB665BF02E6FF76 /* Pods-ExpenseTrackerTests.release.xcconfig */ = {isa = PBXFileReference; includeInIndex = 1; lastKnownFileType = text.xcconfig; name = "Pods-ExpenseTrackerTests.release.xcconfig"; path = "Pods/Target Support Files/Pods-ExpenseTrackerTests/Pods-ExpenseTrackerTests.release.xcconfig"; sourceTree = "<group>"; };
		DE6C8911B1780559C9CE18FB /* Pods-ExpenseTrackerTests.debug.xcconfig */ = {isa = PBXFileReference; includeInIndex = 1; lastKnownFileType = text.xcconfig; name = "Pods-ExpenseTrackerTests.debug.xcconfig"; path = "Pods/Target Support Files/Pods-ExpenseTrackerTests/Pods-ExpenseTrackerTests.debug.xcconfig"; sourceTree = "<group>"; };
		F47459B005E2A568FC786339 /* Pods-ExpenseTracker.release.xcconfig */ = {isa = PBXFileReference; includeInIndex = 1; lastKnownFileType = text.xcconfig; name = "Pods-ExpenseTracker.release.xcconfig"; path = "Pods/Target Support Files/Pods-ExpenseTracker/Pods-ExpenseTracker.release.xcconfig"; sourceTree = "<group>"; };
/* End PBXFileReference section */

/* Begin PBXFrameworksBuildPhase section */
		6A9488671E2850BF00385FF3 /* Frameworks */ = {
			isa = PBXFrameworksBuildPhase;
			buildActionMask = 2147483647;
			files = (
				E32F4188BB7E8A9096F39228 /* Pods_ExpenseTracker.framework in Frameworks */,
			);
			runOnlyForDeploymentPostprocessing = 0;
		};
		6A94887B1E2850C000385FF3 /* Frameworks */ = {
			isa = PBXFrameworksBuildPhase;
			buildActionMask = 2147483647;
			files = (
				590C998546CAFB961EFE5B32 /* Pods_ExpenseTrackerTests.framework in Frameworks */,
			);
			runOnlyForDeploymentPostprocessing = 0;
		};
/* End PBXFrameworksBuildPhase section */

/* Begin PBXGroup section */
		0A8F0FFBD48E87DC5F468CB2 /* Pods */ = {
			isa = PBXGroup;
			children = (
				42E656C9F9E3CD13CE88E946 /* Pods-ExpenseTracker.debug.xcconfig */,
				F47459B005E2A568FC786339 /* Pods-ExpenseTracker.release.xcconfig */,
				DE6C8911B1780559C9CE18FB /* Pods-ExpenseTrackerTests.debug.xcconfig */,
				DAB96F06CFB665BF02E6FF76 /* Pods-ExpenseTrackerTests.release.xcconfig */,
			);
			name = Pods;
			sourceTree = "<group>";
		};
		2EF8E333732F8F09200E3B47 /* Frameworks */ = {
			isa = PBXGroup;
			children = (
				46199523EAF5E77CF095CB4E /* Pods_ExpenseTracker.framework */,
				D4579E6ACF2FC8662B73CDF1 /* Pods_ExpenseTrackerTests.framework */,
			);
			name = Frameworks;
			sourceTree = "<group>";
		};
		6A9488611E2850BF00385FF3 = {
			isa = PBXGroup;
			children = (
				6A94886C1E2850BF00385FF3 /* AppTracker */,
				B9D2A6231E92648E00978046 /* AppDelegate.swift */,
				B9D2A6241E92648E00978046 /* AppManager.swift */,
				B9D2A6211E92647E00978046 /* Assets.xcassets */,
				6A94886B1E2850BF00385FF3 /* Products */,
				0A8F0FFBD48E87DC5F468CB2 /* Pods */,
				B9D2A63C1E9264D800978046 /* AppTrackerTests */,
				2EF8E333732F8F09200E3B47 /* Frameworks */,
			);
			sourceTree = "<group>";
		};
		6A94886B1E2850BF00385FF3 /* Products */ = {
			isa = PBXGroup;
			children = (
				6A94886A1E2850BF00385FF3 /* ExpenseTracker.app */,
				6A94887E1E2850C000385FF3 /* ExpenseTrackerTests.xctest */,
			);
			name = Products;
			sourceTree = "<group>";
		};
		6A94886C1E2850BF00385FF3 /* AppTracker */ = {
			isa = PBXGroup;
			children = (
				B9D2A62D1E9264B300978046 /* Data */,
				B9D2A6181E92642400978046 /* Models */,
				B9D2A62A1E9264A900978046 /* Network */,
				B9D2A6411E92656000978046 /* View Controllers */,
				B9D2A6271E92649E00978046 /* Views */,
				6A9488761E2850BF00385FF3 /* LaunchScreen.storyboard */,
				6A9488711E2850BF00385FF3 /* Main.storyboard */,
				B9D2A63A1E9264C200978046 /* Info.plist */,
			);
			name = AppTracker;
			path = ExpenseTracker;
			sourceTree = "<group>";
		};
		B9D2A6181E92642400978046 /* Models */ = {
			isa = PBXGroup;
			children = (
				B9D2A6191E92642400978046 /* App.swift */,
				B9D2A61A1E92642400978046 /* AppFromSearchApi.swift */,
				B9D2A61B1E92642400978046 /* Review.swift */,
				B9D2A61C1E92642400978046 /* ReviewOption.swift */,
			);
			name = Models;
			path = AppTracker/Models;
			sourceTree = SOURCE_ROOT;
		};
		B9D2A6271E92649E00978046 /* Views */ = {
			isa = PBXGroup;
			children = (
				B9D2A6281E92649E00978046 /* RatingControl.swift */,
			);
			name = Views;
			path = AppTracker/Views;
			sourceTree = SOURCE_ROOT;
		};
		B9D2A62A1E9264A900978046 /* Network */ = {
			isa = PBXGroup;
			children = (
				B9D2A62B1E9264A900978046 /* NetworkManager.swift */,
			);
			name = Network;
			path = AppTracker/Network;
			sourceTree = SOURCE_ROOT;
		};
		B9D2A62D1E9264B300978046 /* Data */ = {
			isa = PBXGroup;
			children = (
				B9D2A62E1E9264B300978046 /* deconstructItunesReviews.json */,
				B9D2A62F1E9264B300978046 /* itunesColes.json */,
				B9D2A6301E9264B300978046 /* itunesReviews.json */,
				B9D2A6311E9264B300978046 /* sampleApps.json */,
				B9D2A6321E9264B300978046 /* sampleReviewOptions.json */,
				B9D2A6331E9264B300978046 /* sampleReviews.json */,
			);
			name = Data;
			path = AppTracker/Data;
			sourceTree = SOURCE_ROOT;
		};
		B9D2A63C1E9264D800978046 /* AppTrackerTests */ = {
			isa = PBXGroup;
			children = (
				B9D2A63D1E9264D800978046 /* AppTrackerTests.swift */,
				B9D2A63E1E9264D800978046 /* Info.plist */,
			);
			path = AppTrackerTests;
			sourceTree = "<group>";
		};
		B9D2A6411E92656000978046 /* View Controllers */ = {
			isa = PBXGroup;
			children = (
				B9D2A6421E92656000978046 /* List of Apps */,
				B9D2A6451E92656000978046 /* List of Reviews */,
				B9D2A6481E92656000978046 /* Review Options */,
				B9D2A64B1E92656000978046 /* Search countries */,
				B9D2A6511E92656000978046 /* Search for Apps */,
			);
			name = "View Controllers";
			path = "AppTracker/View Controllers";
			sourceTree = SOURCE_ROOT;
		};
		B9D2A6421E92656000978046 /* List of Apps */ = {
			isa = PBXGroup;
			children = (
				B9D2A6431E92656000978046 /* AppTableViewCell.swift */,
				B9D2A6441E92656000978046 /* AppTableViewController.swift */,
			);
			path = "List of Apps";
			sourceTree = "<group>";
		};
		B9D2A6451E92656000978046 /* List of Reviews */ = {
			isa = PBXGroup;
			children = (
				B9D2A6461E92656000978046 /* ReviewTableViewCell.swift */,
				B9D2A6471E92656000978046 /* ReviewTableViewController.swift */,
			);
			path = "List of Reviews";
			sourceTree = "<group>";
		};
		B9D2A6481E92656000978046 /* Review Options */ = {
			isa = PBXGroup;
			children = (
				B9D2A6491E92656000978046 /* ReviewOptionsTableViewCell.swift */,
				B9D2A64A1E92656000978046 /* ReviewOptionsTableViewController.swift */,
			);
			path = "Review Options";
			sourceTree = "<group>";
		};
		B9D2A64B1E92656000978046 /* Search countries */ = {
			isa = PBXGroup;
			children = (
				B9D2A64C1E92656000978046 /* AlternateTableViewCell.swift */,
				B9D2A64D1E92656000978046 /* AlternateTableViewController.swift */,
				B9D2A64E1E92656000978046 /* Countries.swift */,
				B9D2A64F1E92656000978046 /* SearchCountriesTableViewCell.swift */,
				B9D2A6501E92656000978046 /* SearchCountriesViewController.swift */,
			);
			path = "Search countries";
			sourceTree = "<group>";
		};
		B9D2A6511E92656000978046 /* Search for Apps */ = {
			isa = PBXGroup;
			children = (
				B9D2A6521E92656000978046 /* SearchAppsTableViewCell.swift */,
				B9D2A6531E92656000978046 /* SearchAppsViewController.swift */,
			);
			path = "Search for Apps";
			sourceTree = "<group>";
		};
/* End PBXGroup section */

/* Begin PBXNativeTarget section */
		6A9488691E2850BF00385FF3 /* ExpenseTracker */ = {
			isa = PBXNativeTarget;
			buildConfigurationList = 6A9488871E2850C000385FF3 /* Build configuration list for PBXNativeTarget "ExpenseTracker" */;
			buildPhases = (
				C7A76D35BC43236A0C3D4414 /* [CP] Check Pods Manifest.lock */,
				6A9488661E2850BF00385FF3 /* Sources */,
				6A9488671E2850BF00385FF3 /* Frameworks */,
				6A9488681E2850BF00385FF3 /* Resources */,
				0772F09403D27D6C76B2997D /* [CP] Embed Pods Frameworks */,
				4EBAFA3C5E156BBB2D1DFDCB /* [CP] Copy Pods Resources */,
			);
			buildRules = (
			);
			dependencies = (
			);
			name = ExpenseTracker;
			productName = ExpenseTracker;
			productReference = 6A94886A1E2850BF00385FF3 /* ExpenseTracker.app */;
			productType = "com.apple.product-type.application";
		};
		6A94887D1E2850C000385FF3 /* ExpenseTrackerTests */ = {
			isa = PBXNativeTarget;
			buildConfigurationList = 6A94888A1E2850C000385FF3 /* Build configuration list for PBXNativeTarget "ExpenseTrackerTests" */;
			buildPhases = (
				82691BEF9E5FD44DD063A452 /* [CP] Check Pods Manifest.lock */,
				6A94887A1E2850C000385FF3 /* Sources */,
				6A94887B1E2850C000385FF3 /* Frameworks */,
				6A94887C1E2850C000385FF3 /* Resources */,
				1AF5B356BD56A2267438A7E7 /* [CP] Embed Pods Frameworks */,
				4B6D7B02D9F2DB9372FEDBC3 /* [CP] Copy Pods Resources */,
			);
			buildRules = (
			);
			dependencies = (
				6A9488801E2850C000385FF3 /* PBXTargetDependency */,
			);
			name = ExpenseTrackerTests;
			productName = ExpenseTrackerTests;
			productReference = 6A94887E1E2850C000385FF3 /* ExpenseTrackerTests.xctest */;
			productType = "com.apple.product-type.bundle.unit-test";
		};
/* End PBXNativeTarget section */

/* Begin PBXProject section */
		6A9488621E2850BF00385FF3 /* Project object */ = {
			isa = PBXProject;
			attributes = {
				LastSwiftUpdateCheck = 0810;
				LastUpgradeCheck = 0810;
				ORGANIZATIONNAME = "Ai-Lyn Tang";
				TargetAttributes = {
					6A9488691E2850BF00385FF3 = {
						CreatedOnToolsVersion = 8.1;
						ProvisioningStyle = Automatic;
					};
					6A94887D1E2850C000385FF3 = {
						CreatedOnToolsVersion = 8.1;
						ProvisioningStyle = Automatic;
						TestTargetID = 6A9488691E2850BF00385FF3;
					};
				};
			};
			buildConfigurationList = 6A9488651E2850BF00385FF3 /* Build configuration list for PBXProject "AppTracker" */;
			compatibilityVersion = "Xcode 3.2";
			developmentRegion = English;
			hasScannedForEncodings = 0;
			knownRegions = (
				en,
				Base,
			);
			mainGroup = 6A9488611E2850BF00385FF3;
			productRefGroup = 6A94886B1E2850BF00385FF3 /* Products */;
			projectDirPath = "";
			projectRoot = "";
			targets = (
				6A9488691E2850BF00385FF3 /* ExpenseTracker */,
				6A94887D1E2850C000385FF3 /* ExpenseTrackerTests */,
			);
		};
/* End PBXProject section */

/* Begin PBXResourcesBuildPhase section */
		6A9488681E2850BF00385FF3 /* Resources */ = {
			isa = PBXResourcesBuildPhase;
			buildActionMask = 2147483647;
			files = (
				B9D2A6381E9264B300978046 /* sampleReviewOptions.json in Resources */,
				B9D2A6371E9264B300978046 /* sampleApps.json in Resources */,
				B9D2A6341E9264B300978046 /* deconstructItunesReviews.json in Resources */,
				6A9488781E2850BF00385FF3 /* LaunchScreen.storyboard in Resources */,
				6A9488731E2850BF00385FF3 /* Main.storyboard in Resources */,
				B9D2A6391E9264B300978046 /* sampleReviews.json in Resources */,
				B9D2A6361E9264B300978046 /* itunesReviews.json in Resources */,
				B9D2A6221E92647E00978046 /* Assets.xcassets in Resources */,
				B9D2A6401E9264D800978046 /* Info.plist in Resources */,
				B9D2A63B1E9264C200978046 /* Info.plist in Resources */,
				B9D2A6351E9264B300978046 /* itunesColes.json in Resources */,
			);
			runOnlyForDeploymentPostprocessing = 0;
		};
		6A94887C1E2850C000385FF3 /* Resources */ = {
			isa = PBXResourcesBuildPhase;
			buildActionMask = 2147483647;
			files = (
			);
			runOnlyForDeploymentPostprocessing = 0;
		};
/* End PBXResourcesBuildPhase section */

/* Begin PBXShellScriptBuildPhase section */
		0772F09403D27D6C76B2997D /* [CP] Embed Pods Frameworks */ = {
			isa = PBXShellScriptBuildPhase;
			buildActionMask = 2147483647;
			files = (
			);
			inputPaths = (
			);
			name = "[CP] Embed Pods Frameworks";
			outputPaths = (
			);
			runOnlyForDeploymentPostprocessing = 0;
			shellPath = /bin/sh;
			shellScript = "\"${SRCROOT}/Pods/Target Support Files/Pods-ExpenseTracker/Pods-ExpenseTracker-frameworks.sh\"\n";
			showEnvVarsInLog = 0;
		};
		1AF5B356BD56A2267438A7E7 /* [CP] Embed Pods Frameworks */ = {
			isa = PBXShellScriptBuildPhase;
			buildActionMask = 2147483647;
			files = (
			);
			inputPaths = (
			);
			name = "[CP] Embed Pods Frameworks";
			outputPaths = (
			);
			runOnlyForDeploymentPostprocessing = 0;
			shellPath = /bin/sh;
			shellScript = "\"${SRCROOT}/Pods/Target Support Files/Pods-ExpenseTrackerTests/Pods-ExpenseTrackerTests-frameworks.sh\"\n";
			showEnvVarsInLog = 0;
		};
		4B6D7B02D9F2DB9372FEDBC3 /* [CP] Copy Pods Resources */ = {
			isa = PBXShellScriptBuildPhase;
			buildActionMask = 2147483647;
			files = (
			);
			inputPaths = (
			);
			name = "[CP] Copy Pods Resources";
			outputPaths = (
			);
			runOnlyForDeploymentPostprocessing = 0;
			shellPath = /bin/sh;
			shellScript = "\"${SRCROOT}/Pods/Target Support Files/Pods-ExpenseTrackerTests/Pods-ExpenseTrackerTests-resources.sh\"\n";
			showEnvVarsInLog = 0;
		};
		4EBAFA3C5E156BBB2D1DFDCB /* [CP] Copy Pods Resources */ = {
			isa = PBXShellScriptBuildPhase;
			buildActionMask = 2147483647;
			files = (
			);
			inputPaths = (
			);
			name = "[CP] Copy Pods Resources";
			outputPaths = (
			);
			runOnlyForDeploymentPostprocessing = 0;
			shellPath = /bin/sh;
			shellScript = "\"${SRCROOT}/Pods/Target Support Files/Pods-ExpenseTracker/Pods-ExpenseTracker-resources.sh\"\n";
			showEnvVarsInLog = 0;
		};
		82691BEF9E5FD44DD063A452 /* [CP] Check Pods Manifest.lock */ = {
			isa = PBXShellScriptBuildPhase;
			buildActionMask = 2147483647;
			files = (
			);
			inputPaths = (
			);
			name = "[CP] Check Pods Manifest.lock";
			outputPaths = (
			);
			runOnlyForDeploymentPostprocessing = 0;
			shellPath = /bin/sh;
			shellScript = "diff \"${PODS_ROOT}/../Podfile.lock\" \"${PODS_ROOT}/Manifest.lock\" > /dev/null\nif [ $? != 0 ] ; then\n    # print error to STDERR\n    echo \"error: The sandbox is not in sync with the Podfile.lock. Run 'pod install' or update your CocoaPods installation.\" >&2\n    exit 1\nfi\n";
			showEnvVarsInLog = 0;
		};
		C7A76D35BC43236A0C3D4414 /* [CP] Check Pods Manifest.lock */ = {
			isa = PBXShellScriptBuildPhase;
			buildActionMask = 2147483647;
			files = (
			);
			inputPaths = (
			);
			name = "[CP] Check Pods Manifest.lock";
			outputPaths = (
			);
			runOnlyForDeploymentPostprocessing = 0;
			shellPath = /bin/sh;
			shellScript = "diff \"${PODS_ROOT}/../Podfile.lock\" \"${PODS_ROOT}/Manifest.lock\" > /dev/null\nif [ $? != 0 ] ; then\n    # print error to STDERR\n    echo \"error: The sandbox is not in sync with the Podfile.lock. Run 'pod install' or update your CocoaPods installation.\" >&2\n    exit 1\nfi\n";
			showEnvVarsInLog = 0;
		};
/* End PBXShellScriptBuildPhase section */

/* Begin PBXSourcesBuildPhase section */
		6A9488661E2850BF00385FF3 /* Sources */ = {
			isa = PBXSourcesBuildPhase;
			buildActionMask = 2147483647;
			files = (
				B9D2A6261E92648E00978046 /* AppManager.swift in Sources */,
				B9D2A6571E92656000978046 /* ReviewTableViewController.swift in Sources */,
				B9D2A6561E92656000978046 /* ReviewTableViewCell.swift in Sources */,
				B9D2A6541E92656000978046 /* AppTableViewCell.swift in Sources */,
				B9D2A65C1E92656000978046 /* Countries.swift in Sources */,
				B9D2A65B1E92656000978046 /* AlternateTableViewController.swift in Sources */,
				B9D2A6601E92656000978046 /* SearchAppsViewController.swift in Sources */,
				B9D2A63F1E9264D800978046 /* AppTrackerTests.swift in Sources */,
				B9D2A62C1E9264A900978046 /* NetworkManager.swift in Sources */,
				B9D2A65D1E92656000978046 /* SearchCountriesTableViewCell.swift in Sources */,
				B9D2A6581E92656000978046 /* ReviewOptionsTableViewCell.swift in Sources */,
				B9D2A61F1E92642400978046 /* Review.swift in Sources */,
				B9D2A65E1E92656000978046 /* SearchCountriesViewController.swift in Sources */,
				B9D2A6551E92656000978046 /* AppTableViewController.swift in Sources */,
				B9D2A6291E92649E00978046 /* RatingControl.swift in Sources */,
				B9D2A65F1E92656000978046 /* SearchAppsTableViewCell.swift in Sources */,
				B9D2A65A1E92656000978046 /* AlternateTableViewCell.swift in Sources */,
				B9D2A6251E92648E00978046 /* AppDelegate.swift in Sources */,
				B9D2A61D1E92642400978046 /* App.swift in Sources */,
				B9D2A61E1E92642400978046 /* AppFromSearchApi.swift in Sources */,
				B9D2A6201E92642400978046 /* ReviewOption.swift in Sources */,
				B9D2A6591E92656000978046 /* ReviewOptionsTableViewController.swift in Sources */,
			);
			runOnlyForDeploymentPostprocessing = 0;
		};
		6A94887A1E2850C000385FF3 /* Sources */ = {
			isa = PBXSourcesBuildPhase;
			buildActionMask = 2147483647;
			files = (
			);
			runOnlyForDeploymentPostprocessing = 0;
		};
/* End PBXSourcesBuildPhase section */

/* Begin PBXTargetDependency section */
		6A9488801E2850C000385FF3 /* PBXTargetDependency */ = {
			isa = PBXTargetDependency;
			target = 6A9488691E2850BF00385FF3 /* ExpenseTracker */;
			targetProxy = 6A94887F1E2850C000385FF3 /* PBXContainerItemProxy */;
		};
/* End PBXTargetDependency section */

/* Begin PBXVariantGroup section */
		6A9488711E2850BF00385FF3 /* Main.storyboard */ = {
			isa = PBXVariantGroup;
			children = (
				6A9488721E2850BF00385FF3 /* Base */,
			);
			name = Main.storyboard;
			sourceTree = "<group>";
		};
		6A9488761E2850BF00385FF3 /* LaunchScreen.storyboard */ = {
			isa = PBXVariantGroup;
			children = (
				6A9488771E2850BF00385FF3 /* Base */,
			);
			name = LaunchScreen.storyboard;
			sourceTree = "<group>";
		};
/* End PBXVariantGroup section */

/* Begin XCBuildConfiguration section */
		6A9488851E2850C000385FF3 /* Debug */ = {
			isa = XCBuildConfiguration;
			buildSettings = {
				ALWAYS_SEARCH_USER_PATHS = NO;
				CLANG_ANALYZER_NONNULL = YES;
				CLANG_CXX_LANGUAGE_STANDARD = "gnu++0x";
				CLANG_CXX_LIBRARY = "libc++";
				CLANG_ENABLE_MODULES = YES;
				CLANG_ENABLE_OBJC_ARC = YES;
				CLANG_WARN_BOOL_CONVERSION = YES;
				CLANG_WARN_CONSTANT_CONVERSION = YES;
				CLANG_WARN_DIRECT_OBJC_ISA_USAGE = YES_ERROR;
				CLANG_WARN_DOCUMENTATION_COMMENTS = YES;
				CLANG_WARN_EMPTY_BODY = YES;
				CLANG_WARN_ENUM_CONVERSION = YES;
				CLANG_WARN_INFINITE_RECURSION = YES;
				CLANG_WARN_INT_CONVERSION = YES;
				CLANG_WARN_OBJC_ROOT_CLASS = YES_ERROR;
				CLANG_WARN_SUSPICIOUS_MOVE = YES;
				CLANG_WARN_SUSPICIOUS_MOVES = YES;
				CLANG_WARN_UNREACHABLE_CODE = YES;
				CLANG_WARN__DUPLICATE_METHOD_MATCH = YES;
				"CODE_SIGN_IDENTITY[sdk=iphoneos*]" = "iPhone Developer";
				COPY_PHASE_STRIP = NO;
				DEBUG_INFORMATION_FORMAT = dwarf;
				ENABLE_STRICT_OBJC_MSGSEND = YES;
				ENABLE_TESTABILITY = YES;
				GCC_C_LANGUAGE_STANDARD = gnu99;
				GCC_DYNAMIC_NO_PIC = NO;
				GCC_NO_COMMON_BLOCKS = YES;
				GCC_OPTIMIZATION_LEVEL = 0;
				GCC_PREPROCESSOR_DEFINITIONS = (
					"DEBUG=1",
					"$(inherited)",
				);
				GCC_WARN_64_TO_32_BIT_CONVERSION = YES;
				GCC_WARN_ABOUT_RETURN_TYPE = YES_ERROR;
				GCC_WARN_UNDECLARED_SELECTOR = YES;
				GCC_WARN_UNINITIALIZED_AUTOS = YES_AGGRESSIVE;
				GCC_WARN_UNUSED_FUNCTION = YES;
				GCC_WARN_UNUSED_VARIABLE = YES;
				IPHONEOS_DEPLOYMENT_TARGET = 10.1;
				MTL_ENABLE_DEBUG_INFO = YES;
				ONLY_ACTIVE_ARCH = YES;
				SDKROOT = iphoneos;
				SWIFT_ACTIVE_COMPILATION_CONDITIONS = DEBUG;
				SWIFT_OPTIMIZATION_LEVEL = "-Onone";
				TARGETED_DEVICE_FAMILY = "1,2";
			};
			name = Debug;
		};
		6A9488861E2850C000385FF3 /* Release */ = {
			isa = XCBuildConfiguration;
			buildSettings = {
				ALWAYS_SEARCH_USER_PATHS = NO;
				CLANG_ANALYZER_NONNULL = YES;
				CLANG_CXX_LANGUAGE_STANDARD = "gnu++0x";
				CLANG_CXX_LIBRARY = "libc++";
				CLANG_ENABLE_MODULES = YES;
				CLANG_ENABLE_OBJC_ARC = YES;
				CLANG_WARN_BOOL_CONVERSION = YES;
				CLANG_WARN_CONSTANT_CONVERSION = YES;
				CLANG_WARN_DIRECT_OBJC_ISA_USAGE = YES_ERROR;
				CLANG_WARN_DOCUMENTATION_COMMENTS = YES;
				CLANG_WARN_EMPTY_BODY = YES;
				CLANG_WARN_ENUM_CONVERSION = YES;
				CLANG_WARN_INFINITE_RECURSION = YES;
				CLANG_WARN_INT_CONVERSION = YES;
				CLANG_WARN_OBJC_ROOT_CLASS = YES_ERROR;
				CLANG_WARN_SUSPICIOUS_MOVE = YES;
				CLANG_WARN_SUSPICIOUS_MOVES = YES;
				CLANG_WARN_UNREACHABLE_CODE = YES;
				CLANG_WARN__DUPLICATE_METHOD_MATCH = YES;
				"CODE_SIGN_IDENTITY[sdk=iphoneos*]" = "iPhone Developer";
				COPY_PHASE_STRIP = NO;
				DEBUG_INFORMATION_FORMAT = "dwarf-with-dsym";
				ENABLE_NS_ASSERTIONS = NO;
				ENABLE_STRICT_OBJC_MSGSEND = YES;
				GCC_C_LANGUAGE_STANDARD = gnu99;
				GCC_NO_COMMON_BLOCKS = YES;
				GCC_WARN_64_TO_32_BIT_CONVERSION = YES;
				GCC_WARN_ABOUT_RETURN_TYPE = YES_ERROR;
				GCC_WARN_UNDECLARED_SELECTOR = YES;
				GCC_WARN_UNINITIALIZED_AUTOS = YES_AGGRESSIVE;
				GCC_WARN_UNUSED_FUNCTION = YES;
				GCC_WARN_UNUSED_VARIABLE = YES;
				IPHONEOS_DEPLOYMENT_TARGET = 10.1;
				MTL_ENABLE_DEBUG_INFO = NO;
				SDKROOT = iphoneos;
				SWIFT_OPTIMIZATION_LEVEL = "-Owholemodule";
				TARGETED_DEVICE_FAMILY = "1,2";
				VALIDATE_PRODUCT = YES;
			};
			name = Release;
		};
		6A9488881E2850C000385FF3 /* Debug */ = {
			isa = XCBuildConfiguration;
			baseConfigurationReference = 42E656C9F9E3CD13CE88E946 /* Pods-ExpenseTracker.debug.xcconfig */;
			buildSettings = {
				ASSETCATALOG_COMPILER_APPICON_NAME = AppIcon;
				INFOPLIST_FILE = ExpenseTracker/Info.plist;
				LD_RUNPATH_SEARCH_PATHS = "$(inherited) @executable_path/Frameworks";
				PRODUCT_BUNDLE_IDENTIFIER = com.example.ExpenseTracker;
				PRODUCT_NAME = "$(TARGET_NAME)";
				SWIFT_VERSION = 3.0;
			};
			name = Debug;
		};
		6A9488891E2850C000385FF3 /* Release */ = {
			isa = XCBuildConfiguration;
			baseConfigurationReference = F47459B005E2A568FC786339 /* Pods-ExpenseTracker.release.xcconfig */;
			buildSettings = {
				ASSETCATALOG_COMPILER_APPICON_NAME = AppIcon;
				INFOPLIST_FILE = ExpenseTracker/Info.plist;
				LD_RUNPATH_SEARCH_PATHS = "$(inherited) @executable_path/Frameworks";
				PRODUCT_BUNDLE_IDENTIFIER = com.example.ExpenseTracker;
				PRODUCT_NAME = "$(TARGET_NAME)";
				SWIFT_VERSION = 3.0;
			};
			name = Release;
		};
		6A94888B1E2850C000385FF3 /* Debug */ = {
			isa = XCBuildConfiguration;
			baseConfigurationReference = DE6C8911B1780559C9CE18FB /* Pods-ExpenseTrackerTests.debug.xcconfig */;
			buildSettings = {
				ALWAYS_EMBED_SWIFT_STANDARD_LIBRARIES = YES;
				BUNDLE_LOADER = "$(TEST_HOST)";
				INFOPLIST_FILE = ExpenseTrackerTests/Info.plist;
				LD_RUNPATH_SEARCH_PATHS = "$(inherited) @executable_path/Frameworks @loader_path/Frameworks";
				PRODUCT_BUNDLE_IDENTIFIER = com.example.ExpenseTrackerTests;
				PRODUCT_NAME = "$(TARGET_NAME)";
				SWIFT_VERSION = 3.0;
				TEST_HOST = "$(BUILT_PRODUCTS_DIR)/ExpenseTracker.app/ExpenseTracker";
			};
			name = Debug;
		};
		6A94888C1E2850C000385FF3 /* Release */ = {
			isa = XCBuildConfiguration;
			baseConfigurationReference = DAB96F06CFB665BF02E6FF76 /* Pods-ExpenseTrackerTests.release.xcconfig */;
			buildSettings = {
				ALWAYS_EMBED_SWIFT_STANDARD_LIBRARIES = YES;
				BUNDLE_LOADER = "$(TEST_HOST)";
				INFOPLIST_FILE = ExpenseTrackerTests/Info.plist;
				LD_RUNPATH_SEARCH_PATHS = "$(inherited) @executable_path/Frameworks @loader_path/Frameworks";
				PRODUCT_BUNDLE_IDENTIFIER = com.example.ExpenseTrackerTests;
				PRODUCT_NAME = "$(TARGET_NAME)";
				SWIFT_VERSION = 3.0;
				TEST_HOST = "$(BUILT_PRODUCTS_DIR)/ExpenseTracker.app/ExpenseTracker";
			};
			name = Release;
		};
/* End XCBuildConfiguration section */

/* Begin XCConfigurationList section */
		6A9488651E2850BF00385FF3 /* Build configuration list for PBXProject "AppTracker" */ = {
			isa = XCConfigurationList;
			buildConfigurations = (
				6A9488851E2850C000385FF3 /* Debug */,
				6A9488861E2850C000385FF3 /* Release */,
			);
			defaultConfigurationIsVisible = 0;
			defaultConfigurationName = Release;
		};
		6A9488871E2850C000385FF3 /* Build configuration list for PBXNativeTarget "ExpenseTracker" */ = {
			isa = XCConfigurationList;
			buildConfigurations = (
				6A9488881E2850C000385FF3 /* Debug */,
				6A9488891E2850C000385FF3 /* Release */,
			);
			defaultConfigurationIsVisible = 0;
			defaultConfigurationName = Release;
		};
		6A94888A1E2850C000385FF3 /* Build configuration list for PBXNativeTarget "ExpenseTrackerTests" */ = {
			isa = XCConfigurationList;
			buildConfigurations = (
				6A94888B1E2850C000385FF3 /* Debug */,
				6A94888C1E2850C000385FF3 /* Release */,
			);
			defaultConfigurationIsVisible = 0;
			defaultConfigurationName = Release;
		};
/* End XCConfigurationList section */
	};
	rootObject = 6A9488621E2850BF00385FF3 /* Project object */;
}
